
Microsoft Visual Studio Solution File, Format Version 12.00
# Visual Studio Version 17
VisualStudioVersion = 17.14.36109.1 d17.14
MinimumVisualStudioVersion = 10.0.40219.1
Project("{FAE04EC0-301F-11D3-BF4B-00C04F79EFBC}") = "Pferramenta0030482421045", "Pferramenta0030482421045\Pferramenta0030482421045.csproj", "{1E8D59B2-FFF4-44B3-A828-382AF4D0969E}"
EndProject
Global
	GlobalSection(SolutionConfigurationPlatforms) = preSolution
		Debug|Any CPU = Debug|Any CPU
		Release|Any CPU = Release|Any CPU
	EndGlobalSection
	GlobalSection(ProjectConfigurationPlatforms) = postSolution
		{1E8D59B2-FFF4-44B3-A828-382AF4D0969E}.Debug|Any CPU.ActiveCfg = Debug|Any CPU
		{1E8D59B2-FFF4-44B3-A828-382AF4D0969E}.Debug|Any CPU.Build.0 = Debug|Any CPU
		{1E8D59B2-FFF4-44B3-A828-382AF4D0969E}.Release|Any CPU.ActiveCfg = Release|Any CPU
		{1E8D59B2-FFF4-44B3-A828-382AF4D0969E}.Release|Any CPU.Build.0 = Release|Any CPU
	EndGlobalSection
	GlobalSection(SolutionProperties) = preSolution
		HideSolutionNode = FALSE
	EndGlobalSection
	GlobalSection(ExtensibilityGlobals) = postSolution
		SolutionGuid = {D320A6EB-35AB-40FC-9220-DD1724DDBCE8}
	EndGlobalSection
EndGlobal
