
Microsoft Visual Studio Solution File, Format Version 12.00
# Visual Studio Version 17
VisualStudioVersion = 17.14.36109.1 d17.14
MinimumVisualStudioVersion = 10.0.40219.1
Project("{FAE04EC0-301F-11D3-BF4B-00C04F79EFBC}") = "PFerramenta0030482421043", "PFerramenta0030482421043\PFerramenta0030482421043.csproj", "{9919EFA0-DECD-4B79-B8E3-7D3DEBA9CAAC}"
EndProject
Global
	GlobalSection(SolutionConfigurationPlatforms) = preSolution
		Debug|Any CPU = Debug|Any CPU
		Release|Any CPU = Release|Any CPU
	EndGlobalSection
	GlobalSection(ProjectConfigurationPlatforms) = postSolution
		{9919EFA0-DECD-4B79-B8E3-7D3DEBA9CAAC}.Debug|Any CPU.ActiveCfg = Debug|Any CPU
		{9919EFA0-DECD-4B79-B8E3-7D3DEBA9CAAC}.Debug|Any CPU.Build.0 = Debug|Any CPU
		{9919EFA0-DECD-4B79-B8E3-7D3DEBA9CAAC}.Release|Any CPU.ActiveCfg = Release|Any CPU
		{9919EFA0-DECD-4B79-B8E3-7D3DEBA9CAAC}.Release|Any CPU.Build.0 = Release|Any CPU
	EndGlobalSection
	GlobalSection(SolutionProperties) = preSolution
		HideSolutionNode = FALSE
	EndGlobalSection
	GlobalSection(ExtensibilityGlobals) = postSolution
		SolutionGuid = {19E600DD-DA7B-4B31-AA19-4F77D3DE5D8E}
	EndGlobalSection
EndGlobal
